{
    "_meta": {
        "hash": {
            "sha256": "17d025065ab752fbcd9bf302f876407ab717cd09fbf05b72da5966165c014608"
        },
        "pipfile-spec": 6,
        "requires": {
            "python_full_version": "3.12.3",
            "python_version": "3.12"
        },
        "sources": [
            {
                "name": "pypi",
                "url": "https://pypi.org/simple",
                "verify_ssl": true
            }
        ]
    },
    "default": {
        "annotated-types": {
            "hashes": [
                "sha256:1f02e8b43a8fbbc3f3e0d4f0f4bfc8131bcb4eebe8849b8e5c773f3a1c582a53",
                "sha256:aff07c09a53a08bc8cfccb9c85b05f1aa9a2a6f23728d790723543408344ce89"
            ],
            "markers": "python_version >= '3.8'",
            "version": "==0.7.0"
        },
        "anyio": {
            "hashes": [
                "sha256:44a3c9aba0f5defa43261a8b3efb97891f2bd7d804e0e1f56419befa1adfc780",
                "sha256:91dee416e570e92c64041bd18b900d1d6fa78dff7048769ce5ac5ddad004fbb5"
            ],
            "markers": "python_version >= '3.7'",
            "version": "==3.7.1"
        },
        "argparse": {
            "hashes": [
                "sha256:62b089a55be1d8949cd2bc7e0df0bddb9e028faefc8c32038cc84862aefdd6e4",
                "sha256:c31647edb69fd3d465a847ea3157d37bed1f95f19760b11a47aa91c04b666314"
            ],
            "version": "==1.4.0"
        },
        "certifi": {
            "hashes": [
                "sha256:027692e4402ad994f1c42e52a4997a9763c646b73e4096e4d5d6db8af1d6f0fa",
                "sha256:e887ab5cee78ea814d3472169153c2d12cd43b14bd03329a39a9c6e2e80bfba7"
            ],
            "markers": "python_version >= '3.7'",
            "version": "==2026.2.25"
        },
        "charset-normalizer": {
            "hashes": [
                "sha256:014837af6fabf57121b6254fa8ade10dceabc3528b27b721a64bbc7b8b1d4eb4",
                "sha256:01a1ed54b953303ca7e310fafe0fe347aab348bd81834a0bcd602eb538f89d66",
                "sha256:0294916d6ccf2d069727d65973c3a1ca477d68708db25fd758dd28b0827cff54",
                "sha256:02a9d1b01c1e12c27883b0c9349e0bcd9ae92e727ff1a277207e1a262b1cbf05",
                "sha256:036c079aa08a6a592b82487f97c60b439428320ed1b2ea0b3912e99d30c77765",
                "sha256:039215608ac7b358c4da0191d10fc76868567fbf276d54c14721bdedeb6de064",
                "sha256:0625665e4ebdddb553ab185de5db7054393af8879fb0c87bd5690d14379d6819",
                "sha256:0a45e504f5e1be0bd385935a8e1507c442349ca36f511a47057a71c9d1d6ea9e",
                "sha256:0b362bcd27819f9c07cbf23db4e0e8cd4b44c5ecd900c2ff907b2b92274a7412",
                "sha256:0c300cefd9b0970381a46394902cd18eaf2aa00163f999590ace991989dcd0fc",
                "sha256:1088345bcc93c58d8d8f3d783eca4a6e7a7752bbff26c3eee7e73c597c191c2e",
                "sha256:10b473fc8dca1c3ad8559985794815f06ca3fc71942c969129070f2c3cdf7281",
                "sha256:131716d6786ad5e3dc542f5cc6f397ba3339dc0fb87f87ac30e550e8987756af",
                "sha256:14498a429321de554b140013142abe7608f9d8ccc04d7baf2ad60498374aefa2",
                "sha256:149ec69866c3d6c2fb6f758dbc014ecb09f30b35a5ca90b6a8a2d4e54e18fdfe",
                "sha256:165c7b21d19365464e8f70e5ce5e12524c58b48c78c1f5a57524603c1ab003f8",
                "sha256:1827734a5b308b65ac54e86a618de66f935a4f63a8a462ff1e19a6788d6c2262",
                "sha256:19092dde50335accf365cce21998a1c6dd8eafd42c7b226eb54b2747cdce2fac",
                "sha256:1a374cc0b88aa710e8865dc1bd6edb3743c59f27830f0293ab101e4cf3ce9f85",
                "sha256:1d1401945cb77787dbd3af2446ff2d75912327c4c3a1526ab7955ecf8600687c",
                "sha256:1f2da5cbb9becfcd607757a169e38fb82aa5fd86fae6653dea716e7b613fe2cf",
                "sha256:259cd1ca995ad525f638e131dbcc2353a586564c038fc548a3fe450a91882139",
                "sha256:2820a98460c83663dd8ec015d9ddfd1e4879f12e06bb7d0500f044fb477d2770",
                "sha256:28269983f25a4da0425743d0d257a2d6921ea7d9b83599d4039486ec5b9f911d",
                "sha256:2b970382e4a36bed897c19f310f31d7d13489c11b4f468ddfba42d41cddfb918",
                "sha256:2da4eedcb6338e2321e831a0165759c0c620e37f8cd044a263ff67493be8ffb3",
                "sha256:30987f4a8ed169983f93e1be8ffeea5214a779e27ed0b059835c7afe96550ad7",
                "sha256:30a2b1a48478c3428d047ed9690d57c23038dac838a87ad624c85c0a78ebeb39",
                "sha256:340810d34ef83af92148e96e3e44cb2d3f910d2bf95e5618a5c467d9f102231d",
                "sha256:3f64c6bf8f32f9133b668c7f7a7cbdbc453412bc95ecdbd157f3b1e377a92990",
                "sha256:4167a621a9a1a986c73777dbc15d4b5eac8ac5c10393374109a343d4013ec765",
                "sha256:4354e401eb6dab9aed3c7b4030514328a6c748d05e1c3e19175008ca7de84fb1",
                "sha256:4481e6da1830c8a1cc0b746b47f603b653dadb690bcd851d039ffaefe70533aa",
                "sha256:4b8551b6e6531e156db71193771c93bda78ffc4d1e6372517fe58ad3b91e4659",
                "sha256:4cd966c2559f501c6fd69294d082c2934c8dd4719deb32c22961a5ac6db0df1d",
                "sha256:50bcbca6603c06a1dcc7b056ed45c37715fb5d2768feb3bcd37d2313c587a5b9",
                "sha256:530beedcec9b6e027e7a4b6ce26eed36678aa39e17da85e6e03d7bd9e8e9d7c9",
                "sha256:568e3c34b58422075a1b49575a6abc616d9751b4d61b23f712e12ebb78fe47b2",
                "sha256:573ef5814c4b7c0d59a7710aa920eaaaef383bd71626aa420fba27b5cab92e8d",
                "sha256:58ad8270cfa5d4bef1bc85bd387217e14ff154d6630e976c6f56f9a040757475",
                "sha256:597d10dec876923e5c59e48dbd366e852eacb2b806029491d307daea6b917d7c",
                "sha256:5bcb3227c3d9aaf73eaaab1db7ccd80a8995c509ee9941e2aae060ca6e4e5d81",
                "sha256:5cffde4032a197bd3b42fd0b9509ec60fb70918d6970e4cc773f20fc9180ca67",
                "sha256:5fea359734b140d0d6741189fea5478c6091b54ffc69d7ce119e0a05637d8c99",
                "sha256:60d68e820af339df4ae8358c7a2e7596badeb61e544438e489035f9fbf3246a5",
                "sha256:610f72c0ee565dfb8ae1241b666119582fdbfe7c0975c175be719f940e110694",
                "sha256:65a126fb4b070d05340a84fc709dd9e7c75d9b063b610ece8a60197a291d0adf",
                "sha256:65b3c403a5b6b8034b655e7385de4f72b7b244869a22b32d4030b99a60593eca",
                "sha256:66dee73039277eb35380d1b82cccc69cc82b13a66f9f4a18da32d573acf02b7c",
                "sha256:708c7acde173eedd4bfa4028484426ba689d2103b28588c513b9db2cd5ecde9c",
                "sha256:728c6a963dfab66ef865f49286e45239384249672cd598576765acc2a640a636",
                "sha256:754f96058e61a5e22e91483f823e07df16416ce76afa4ebf306f8e1d1296d43f",
                "sha256:75dfd1afe0b1647449e852f4fb428195a7ed0588947218f7ba929f6538487f02",
                "sha256:75ee9c1cce2911581a70a3c0919d8bccf5b1cbc9b0e5171400ec736b4b569497",
                "sha256:76a9d0de4d0eab387822e7b35d8f89367dd237c72e82ab42b9f7bf5e15ada00f",
                "sha256:77be992288f720306ab4108fe5c74797de327f3248368dfc7e1a916d6ed9e5a2",
                "sha256:7ad83b8f9379176c841f8865884f3514d905bcd2a9a3b210eaa446e7d2223e4d",
                "sha256:8197abe5ca1ffb7d91e78360f915eef5addff270f8a71c1fc5be24a56f3e4873",
                "sha256:82cc7c2ad42faec8b574351f8bc2a0c049043893853317bd9bb309f5aba6cb5a",
                "sha256:8a28afb04baa55abf26df544e3e5c6534245d3daa5178bc4a8eeb48202060d0e",
                "sha256:8b78d8a609a4b82c273257ee9d631ded7fac0d875bdcdccc109f3ee8328cfcb1",
                "sha256:8ce11cd4d62d11166f2b441e30ace226c19a3899a7cf0796f668fba49a9fb123",
                "sha256:8fff79bf5978c693c9b1a4d71e4a94fddfb5fe744eb062a318e15f4a2f63a550",
                "sha256:92263f7eca2f4af326cd20de8d16728d2602f7cfea02e790dcde9d83c365d7cc",
                "sha256:93b3b2cc5cf1b8743660ce77a4f45f3f6d1172068207c1defc779a36eea6bb36",
                "sha256:95adae7b6c42a6c5b5b559b1a99149f090a57128155daeea91732c8d970d8644",
                "sha256:97ab7787092eb9b50fb47fa04f24c75b768a606af1bcba1957f07f128a7219e4",
                "sha256:9db5e3fcdcee89a78c04dffb3fe33c79f77bd741a624946db2591c81b2fc85b0",
                "sha256:a118e2e0b5ae6b0120d5efa5f866e58f2bb826067a646431da4d6a2bdae7950e",
                "sha256:a2aecdb364b8a1802afdc7f9327d55dad5366bc97d8502d0f5854e50712dbc5f",
                "sha256:a66aa5022bf81ab4b1bebfb009db4fd68e0c6d4307a1ce5ef6a26e5878dfc9e4",
                "sha256:a68766a3c58fde7f9aaa22b3786276f62ab2f594efb02d0a1421b6282e852e98",
                "sha256:aa2f963b4da26daf46231d9b9e0e2c9408a751f8f0d0f44d2de56d3caf51d294",
                "sha256:aa92ec1102eaff840ccd1021478af176a831f1bccb08e526ce844b7ddda85c22",
                "sha256:ac59c15e3f1465f722607800c68713f9fbc2f672b9eb649fe831da4019ae9b23",
                "sha256:ae8b03427410731469c4033934cf473426faff3e04b69d2dfb64a4281a3719f8",
                "sha256:afca7f78067dd27c2b848f1b234623d26b87529296c6c5652168cc1954f2f3b2",
                "sha256:b2d37d78297b39a9eb9eb92c0f6df98c706467282055419df141389b23f93362",
                "sha256:b3e71afc578b98512bfe7bdb822dd6bc57d4b0093b4b6e5487c1e96ad4ace242",
                "sha256:ba20bdf69bd127f66d0174d6f2a93e69045e0b4036dc1ca78e091bcc765830c4",
                "sha256:c108f8619e504140569ee7de3f97d234f0fbae338a7f9f360455071ef9855a95",
                "sha256:c23eb3263356d94858655b3e63f85ac5d50970c6e8febcdde7830209139cc37d",
                "sha256:c5af897b45fa606b12464ccbe0014bbf8c09191e0a66aab6aa9d5cf6e77e0c94",
                "sha256:c7a80a9242963416bd81f99349d5f3fce1843c303bd404f204918b6d75a75fd6",
                "sha256:c7e84e0c0005e3bdc1a9211cd4e62c78ba80bc37b2365ef4410cd2007a9047f2",
                "sha256:cace89841c0599d736d3d74a27bc5821288bb47c5441923277afc6059d7fbcb4",
                "sha256:cd2d0f0ec9aa977a27731a3209ebbcacebebaf41f902bd453a928bfd281cf7f8",
                "sha256:d01de5e768328646e6a3fa9e562706f8f6641708c115c62588aef2b941a4f88e",
                "sha256:d1028de43596a315e2720a9849ee79007ab742c06ad8b45a50db8cdb7ed4a82a",
                "sha256:d27ce22ec453564770d29d03a9506d449efbb9fa13c00842262b2f6801c48cce",
                "sha256:d29dd9c016f2078b43d0c357511e87eee5b05108f3dd603423cb389b89813969",
                "sha256:d31f0d1671e1534e395f9eb84a68e0fb670e1edb1fe819a9d7f564ae3bc4e53f",
                "sha256:d4eb8ac7469b2a5d64b5b8c04f84d8bf3ad340f4514b98523805cbf46e3b3923",
                "sha256:d5e52d127045d6ae01a1e821acfad2f3a1866c54d0e837828538fabe8d9d1bd6",
                "sha256:d77f97e515688bd615c1d1f795d540f32542d514242067adcb8ef532504cb9ee",
                "sha256:d8ed79b8f6372ca4254955005830fd61c1ccdd8c0fac6603e2c145c61dd95db6",
                "sha256:dc57a0baa3eeedd99fafaef7511b5a6ef4581494e8168ee086031744e2679467",
                "sha256:e09f671a54ce70b79a1fc1dc6da3072b7ef7251fadb894ed92d9aa8218465a5f",
                "sha256:e22d1059b951e7ae7c20ef6b06afd10fb95e3c41bf3c4fbc874dba113321c193",
                "sha256:e37bd100d2c5d3ba35db9c7c5ba5a9228cbcffe5c4778dc824b164e5257813d7",
                "sha256:e51ae7d81c825761d941962450f50d041db028b7278e7b08930b4541b3e45cb9",
                "sha256:e545b51da9f9af5c67815ca0eb40676c0f016d0b0381c86f20451e35696c5f95",
                "sha256:e6302ca4ae283deb0af68d2fbf467474b8b6aedcd3dab4db187e07f94c109763",
                "sha256:e71bbb595973622b817c042bd943c3f3667e9c9983ce3d205f973f486fec98a7",
                "sha256:ec56a2266f32bc06ed3c3e2a8f58417ce02f7e0356edc89786e52db13c593c98",
                "sha256:ed1a9a204f317ef879b32f9af507d47e49cd5e7f8e8d5d96358c98373314fc60",
                "sha256:ed97c282ee4f994ef814042423a529df9497e3c666dca19be1d4cd1129dc7ade",
                "sha256:ed98364e1c262cf5f9363c3eca8c2df37024f52a8fa1180a3610014f26eac51c",
                "sha256:ee57b926940ba00bca7ba7041e665cc956e55ef482f851b9b65acb20d867e7a2",
                "sha256:f1d725b754e967e648046f00c4facc42d414840f5ccc670c5670f59f83693e4f",
                "sha256:f8102ae93c0bc863b1d41ea0f4499c20a83229f52ed870850892df555187154a",
                "sha256:fc1c64934b8faf7584924143eb9db4770bbdb16659626e1a1a4d9efbcb68d947",
                "sha256:ff95a9283de8a457e6b12989de3f9f5193430f375d64297d323a615ea52cbdb3"
            ],
            "markers": "python_version >= '3.7'",
            "version": "==3.4.5"
        },
        "click": {
            "hashes": [
                "sha256:12ff4785d337a1bb490bb7e9c2b1ee5da3112e94a8622f26a6c77f5d2fc6842a",
                "sha256:981153a64e25f12d547d3426c367a4857371575ee7ad18df2a6183ab0545b2a6"
            ],
            "markers": "python_version >= '3.10'",
            "version": "==8.3.1"
        },
        "colorama": {
            "hashes": [
                "sha256:08695f5cb7ed6e0531a20572697297273c47b8cae5a63ffc6d6ed5c201be6e44",
                "sha256:4f1d9991f5acc0ca119f9d443620b77f9d6b33703e51011c16baf57afb285fc6"
            ],
            "markers": "python_version >= '2.7' and python_version not in '3.0, 3.1, 3.2, 3.3, 3.4, 3.5, 3.6'",
            "version": "==0.4.6"
        },
        "cors": {
            "hashes": [
                "sha256:6a337e54978ea0d1527d2d918d5bdb5771a0f4904ecc6706541717bf15184236",
                "sha256:cd2e2081b3a560d6a4abde5691d32f2305c49caa757b2147c929f1e64ca90398"
            ],
            "index": "pypi",
            "version": "==1.0.1"
        },
        "et-xmlfile": {
            "hashes": [
                "sha256:7a91720bc756843502c3b7504c77b8fe44217c85c537d85037f0f536151b2caa",
                "sha256:dab3f4764309081ce75662649be815c4c9081e88f0837825f90fd28317d4da54"
            ],
            "markers": "python_version >= '3.8'",
            "version": "==2.0.0"
        },
        "fastapi": {
            "hashes": [
                "sha256:752dc31160cdbd0436bb93bad51560b57e525cbb1d4bbf6f4904ceee75548241",
                "sha256:e5e4540a7c5e1dcfbbcf5b903c234feddcdcd881f191977a1c5dfd917487e7ae"
            ],
            "index": "pypi",
            "markers": "python_version >= '3.8'",
            "version": "==0.104.1"
        },
        "filelock": {
            "hashes": [
                "sha256:18972df45473c4aa2c7921b609ee9ca4925910cc3a0fb226c96b92fc224ef7bf",
                "sha256:b9a2e977f794ef94d77cdf7d27129ac648a61f585bff3ca24630c1629f701aa9"
            ],
            "markers": "python_version >= '3.10'",
            "version": "==3.25.1"
        },
        "future": {
            "hashes": [
                "sha256:929292d34f5872e70396626ef385ec22355a1fae8ad29e1a734c3e43f9fbc216",
                "sha256:bd2968309307861edae1458a4f8a4f3598c03be43b97521076aebf5d94c07b05"
            ],
            "markers": "python_version >= '2.6' and python_version not in '3.0, 3.1, 3.2'",
            "version": "==1.0.0"
        },
        "gevent": {
            "hashes": [
                "sha256:012a44b0121f3d7c800740ff80351c897e85e76a7e4764690f35c5ad9ec17de5",
                "sha256:03c74fec58eda4b4edc043311fca8ba4f8744ad1632eb0a41d5ec25413581975",
                "sha256:0adb937f13e5fb90cca2edf66d8d7e99d62a299687400ce2edee3f3504009356",
                "sha256:18e5aff9e8342dc954adb9c9c524db56c2f3557999463445ba3d9cbe3dada7b7",
                "sha256:1a3fe4ea1c312dbf6b375b416925036fe79a40054e6bf6248ee46526ea628be1",
                "sha256:1cdf6db28f050ee103441caa8b0448ace545364f775059d5e2de089da975c457",
                "sha256:1d0f5d8d73f97e24ea8d24d8be0f51e0cf7c54b8021c1fddb580bf239474690f",
                "sha256:2951bb070c0ee37b632ac9134e4fdaad70d2e660c931bb792983a0837fe5b7d7",
                "sha256:323a27192ec4da6b22a9e51c3d9d896ff20bc53fdc9e45e56eaab76d1c39dd74",
                "sha256:34e01e50c71eaf67e92c186ee0196a039d6e4f4b35670396baed4a2d8f1b347f",
                "sha256:427f869a2050a4202d93cf7fd6ab5cffb06d3e9113c10c967b6e2a0d45237cb8",
                "sha256:46b188248c84ffdec18a686fcac5dbb32365d76912e14fda350db5dc0bfd4f86",
                "sha256:4acd6bcd5feabf22c7c5174bd3b9535ee9f088d2bbce789f740ad8d6554b18f3",
                "sha256:4f84591d13845ee31c13f44bdf6bd6c3dbf385b5af98b2f25ec328213775f2ed",
                "sha256:5e4b6278b37373306fc6b1e5f0f1cf56339a1377f67c35972775143d8d7776ff",
                "sha256:6ea78b39a2c51d47ff0f130f4c755a9a4bbb2dd9721149420ad4712743911a51",
                "sha256:72152517ecf548e2f838c61b4be76637d99279dbaa7e01b3924df040aa996586",
                "sha256:7a834804ac00ed8a92a69d3826342c677be651b1c3cd66cc35df8bc711057aa2",
                "sha256:812debe235a8295be3b2a63b136c2474241fa5c58af55e6a0f8cfc29d4936235",
                "sha256:856b990be5590e44c3a3dc6c8d48a40eaccbb42e99d2b791d11d1e7711a4297e",
                "sha256:88b6c07169468af631dcf0fdd3658f9246d6822cc51461d43f7c44f28b0abb82",
                "sha256:8d94936f8f8b23d9de2251798fcb603b84f083fdf0d7f427183c1828fb64f117",
                "sha256:9cdbb24c276a2d0110ad5c978e49daf620b153719ac8a548ce1250a7eb1b9245",
                "sha256:a8ae9f895e8651d10b0a8328a61c9c53da11ea51b666388aa99b0ce90f9fdc27",
                "sha256:adf9cd552de44a4e6754c51ff2e78d9193b7fa6eab123db9578a210e657235dd",
                "sha256:b274a53e818124a281540ebb4e7a2c524778f745b7a99b01bdecf0ca3ac0ddb0",
                "sha256:b28b61ff9216a3d73fe8f35669eefcafa957f143ac534faf77e8a19eb9e6883a",
                "sha256:b56cbc820e3136ba52cd690bdf77e47a4c239964d5f80dc657c1068e0fe9521c",
                "sha256:b5a67a0974ad9f24721034d1e008856111e0535f1541499f72a733a73d658d1c",
                "sha256:b7bb0e29a7b3e6ca9bed2394aa820244069982c36dc30b70eb1004dd67851a48",
                "sha256:bb63c0d6cb9950cc94036a4995b9cc4667b8915366613449236970f4394f94d7",
                "sha256:c049880175e8c93124188f9d926af0a62826a3b81aa6d3074928345f8238279e",
                "sha256:c5fa9ce5122c085983e33e0dc058f81f5264cebe746de5c401654ab96dddfca8",
                "sha256:c6c91f7e33c7f01237755884316110ee7ea076f5bdb9aa0982b6dc63243c0a38",
                "sha256:d99f0cb2ce43c2e8305bf75bee61a8bde06619d21b9d0316ea190fc7a0620a56",
                "sha256:dc45cd3e1cc07514a419960af932a62eb8515552ed004e56755e4bf20bad30c5",
                "sha256:ddd3ff26e5c4240d3fbf5516c2d9d5f2a998ef87cfb73e1429cfaeaaec860fa6",
                "sha256:e4e17c2d57e9a42e25f2a73d297b22b60b2470a74be5a515b36c984e1a246d47",
                "sha256:eb51c5f9537b07da673258b4832f6635014fee31690c3f0944d34741b69f92fa",
                "sha256:f0d8b64057b4bf1529b9ef9bd2259495747fba93d1f836c77bfeaacfec373fd0",
                "sha256:f18f80aef6b1f6907219affe15b36677904f7cfeed1f6a6bc198616e507ae2d7",
                "sha256:f2b54ea3ca6f0c763281cd3f96010ac7e98c2e267feb1221b5a26e2ca0b9a692",
                "sha256:fe1599d0b30e6093eb3213551751b24feeb43db79f07e89d98dd2f3330c9063e"
            ],
            "markers": "python_version >= '3.9'",
            "version": "==25.9.1"
        },
        "greenlet": {
            "hashes": [
                "sha256:02b0a8682aecd4d3c6c18edf52bc8e51eacdd75c8eac52a790a210b06aa295fd",
                "sha256:18cb1b7337bca281915b3c5d5ae19f4e76d35e1df80f4ad3c1a7be91fadf1082",
                "sha256:1a9172f5bf6bd88e6ba5a84e0a68afeac9dc7b6b412b245dd64f52d83c81e55b",
                "sha256:1e692b2dae4cc7077cbb11b47d258533b48c8fde69a33d0d8a82e2fe8d8531d5",
                "sha256:1ebd458fa8285960f382841da585e02201b53a5ec2bac6b156fc623b5ce4499f",
                "sha256:1fb39a11ee2e4d94be9a76671482be9398560955c9e568550de0224e41104727",
                "sha256:20154044d9085151bc309e7689d6f7ba10027f8f5a8c0676ad398b951913d89e",
                "sha256:2eaf067fc6d886931c7962e8c6bede15d2f01965560f3359b27c80bde2d151f2",
                "sha256:34308836d8370bddadb41f5a7ce96879b72e2fdfb4e87729330c6ab52376409f",
                "sha256:394ead29063ee3515b4e775216cb756b2e3b4a7e55ae8fd884f17fa579e6b327",
                "sha256:3ceec72030dae6ac0c8ed7591b96b70410a8be370b6a477b1dbc072856ad02bd",
                "sha256:4375a58e49522698d3e70cc0b801c19433021b5c37686f7ce9c65b0d5c8677d2",
                "sha256:43e99d1749147ac21dde49b99c9abffcbc1e2d55c67501465ef0930d6e78e070",
                "sha256:442b6057453c8cb29b4fb36a2ac689382fc71112273726e2423f7f17dc73bf99",
                "sha256:45abe8eb6339518180d5a7fa47fa01945414d7cca5ecb745346fc6a87d2750be",
                "sha256:4c956a19350e2c37f2c48b336a3afb4bff120b36076d9d7fb68cb44e05d95b79",
                "sha256:508c7f01f1791fbc8e011bd508f6794cb95397fdb198a46cb6635eb5b78d85a7",
                "sha256:527fec58dc9f90efd594b9b700662ed3fb2493c2122067ac9c740d98080a620e",
                "sha256:59b3e2c40f6706b05a9cd299c836c6aa2378cabe25d021acd80f13abf81181cf",
                "sha256:5d0e35379f93a6d0222de929a25ab47b5eb35b5ef4721c2b9cbcc4036129ff1f",
                "sha256:63d10328839d1973e5ba35e98cccbca71b232b14051fd957b6f8b6e8e80d0506",
                "sha256:64970c33a50551c7c50491671265d8954046cb6e8e2999aacdd60e439b70418a",
                "sha256:6c6f8ba97d17a1e7d664151284cb3315fc5f8353e75221ed4324f84eb162b395",
                "sha256:8b466dff7a4ffda6ca975979bab80bdadde979e29fc947ac3be4451428d8b0e4",
                "sha256:8c1fdd7d1b309ff0da81d60a9688a8bd044ac4e18b250320a96fc68d31c209ca",
                "sha256:8c4dd0f3997cf2512f7601563cc90dfb8957c0cff1e3a1b23991d4ea1776c492",
                "sha256:8d1658d7291f9859beed69a776c10822a0a799bc4bfe1bd4272bb60e62507dab",
                "sha256:8e2cd90d413acbf5e77ae41e5d3c9b3ac1d011a756d7284d7f3f2b806bbd6358",
                "sha256:8e4ab3cfb02993c8cc248ea73d7dae6cec0253e9afa311c9b37e603ca9fad2ce",
                "sha256:94ad81f0fd3c0c0681a018a976e5c2bd2ca2d9d94895f23e7bb1af4e8af4e2d5",
                "sha256:97245cc10e5515dbc8c3104b2928f7f02b6813002770cfaffaf9a6e0fc2b94ef",
                "sha256:9bc885b89709d901859cf95179ec9f6bb67a3d2bb1f0e88456461bd4b7f8fd0d",
                "sha256:a2a5be83a45ce6188c045bcc44b0ee037d6a518978de9a5d97438548b953a1ac",
                "sha256:a443358b33c4ec7b05b79a7c8b466f5d275025e750298be7340f8fc63dff2a55",
                "sha256:a7945dd0eab63ded0a48e4dcade82939783c172290a7903ebde9e184333ca124",
                "sha256:aa6ac98bdfd716a749b84d4034486863fd81c3abde9aa3cf8eff9127981a4ae4",
                "sha256:ab0c7e7901a00bc0a7284907273dc165b32e0d109a6713babd04471327ff7986",
                "sha256:ac8d61d4343b799d1e526db579833d72f23759c71e07181c2d2944e429eb09cd",
                "sha256:ad0c8917dd42a819fe77e6bdfcb84e3379c0de956469301d9fd36427a1ca501f",
                "sha256:ae9e21c84035c490506c17002f5c8ab25f980205c3e61ddb3a2a2a2e6c411fcb",
                "sha256:b26b0f4428b871a751968285a1ac9648944cea09807177ac639b030bddebcea4",
                "sha256:b568183cf65b94919be4438dc28416b234b678c608cafac8874dfeeb2a9bbe13",
                "sha256:b6997d360a4e6a4e936c0f9625b1c20416b8a0ea18a8e19cabbefc712e7397ab",
                "sha256:b8bddc5b73c9720bea487b3bffdb1840fe4e3656fba3bd40aa1489e9f37877ff",
                "sha256:c04c5e06ec3e022cbfe2cd4a846e1d4e50087444f875ff6d2c2ad8445495cf1a",
                "sha256:c2e47408e8ce1c6f1ceea0dffcdf6ebb85cc09e55c7af407c99f1112016e45e9",
                "sha256:c56692189a7d1c7606cb794be0a8381470d95c57ce5be03fb3d0ef57c7853b86",
                "sha256:ccd21bb86944ca9be6d967cf7691e658e43417782bce90b5d2faeda0ff78a7dd",
                "sha256:cd6f9e2bbd46321ba3bbb4c8a15794d32960e3b0ae2cc4d49a1a53d314805d71",
                "sha256:d248d8c23c67d2291ffd47af766e2a3aa9fa1c6703155c099feb11f526c63a92",
                "sha256:d3a62fa76a32b462a97198e4c9e99afb9ab375115e74e9a83ce180e7a496f643",
                "sha256:e26e72bec7ab387ac80caa7496e0f908ff954f31065b0ffc1f8ecb1338b11b54",
                "sha256:e3cb43ce200f59483eb82949bf1835a99cf43d7571e900d7c8d5c62cdf25d2f9"
            ],
            "markers": "platform_python_implementation == 'CPython'",
            "version": "==3.3.2"
        },
        "h11": {
            "hashes": [
                "sha256:4e35b956cf45792e4caa5885e69fba00bdbc6ffafbfa020300e549b208ee5ff1",
                "sha256:63cf8bbe7522de3bf65932fda1d9c2772064ffb3dae62d55932da54b31cb6c86"
            ],
            "markers": "python_version >= '3.8'",
            "version": "==0.16.0"
        },
        "idna": {
            "hashes": [
                "sha256:771a87f49d9defaf64091e6e6fe9c18d4833f140bd19464795bc32d966ca37ea",
                "sha256:795dafcc9c04ed0c1fb032c2aa73654d8e8c5023a7df64a53f39190ada629902"
            ],
            "markers": "python_version >= '3.8'",
            "version": "==3.11"
        },
        "numpy": {
            "hashes": [
                "sha256:03a8c78d01d9781b28a6989f6fa1bb2c4f2d51201cf99d3dd875df6fbd96b23b",
                "sha256:08beddf13648eb95f8d867350f6a018a4be2e5ad54c8d8caed89ebca558b2818",
                "sha256:1af303d6b2210eb850fcf03064d364652b7120803a0b872f5211f5234b399f20",
                "sha256:1dda2e7b4ec9dd512f84935c5f126c8bd8b9f2fc001e9f54af255e8c5f16b0e0",
                "sha256:2a02aba9ed12e4ac4eb3ea9421c420301a0c6460d9830d74a9df87efa4912010",
                "sha256:2e4ee3380d6de9c9ec04745830fd9e2eccb3e6cf790d39d7b98ffd19b0dd754a",
                "sha256:3373d5d70a5fe74a2c1bb6d2cfd9609ecf686d47a2d7b1d37a8f3b6bf6003aea",
                "sha256:47711010ad8555514b434df65f7d7b076bb8261df1ca9bb78f53d3b2db02e95c",
                "sha256:4c66707fabe114439db9068ee468c26bbdf909cac0fb58686a42a24de1760c71",
                "sha256:50193e430acfc1346175fcbdaa28ffec49947a06918b7b92130744e81e640110",
                "sha256:52b8b60467cd7dd1e9ed082188b4e6bb35aa5cdd01777621a1658910745b90be",
                "sha256:60dedbb91afcbfdc9bc0b1f3f402804070deed7392c23eb7a7f07fa857868e8a",
                "sha256:62b8e4b1e28009ef2846b4c7852046736bab361f7aeadeb6a5b89ebec3c7055a",
                "sha256:666dbfb6ec68962c033a450943ded891bed2d54e6755e35e5835d63f4f6931d5",
                "sha256:675d61ffbfa78604709862923189bad94014bef562cc35cf61d3a07bba02a7ed",
                "sha256:679b0076f67ecc0138fd2ede3a8fd196dddc2ad3254069bcb9faf9a79b1cebcd",
                "sha256:7349ab0fa0c429c82442a27a9673fc802ffdb7c7775fad780226cb234965e53c",
                "sha256:7ab55401287bfec946ced39700c053796e7cc0e3acbef09993a9ad2adba6ca6e",
                "sha256:7e50d0a0cc3189f9cb0aeb3a6a6af18c16f59f004b866cd2be1c14b36134a4a0",
                "sha256:95a7476c59002f2f6c590b9b7b998306fba6a5aa646b1e22ddfeaf8f78c3a29c",
                "sha256:96ff0b2ad353d8f990b63294c8986f1ec3cb19d749234014f4e7eb0112ceba5a",
                "sha256:9fad7dcb1aac3c7f0584a5a8133e3a43eeb2fe127f47e3632d43d677c66c102b",
                "sha256:9ff0f4f29c51e2803569d7a51c2304de5554655a60c5d776e35b4a41413830d0",
                "sha256:a354325ee03388678242a4d7ebcd08b5c727033fcff3b2f536aea978e15ee9e6",
                "sha256:a4abb4f9001ad2858e7ac189089c42178fcce737e4169dc61321660f1a96c7d2",
                "sha256:ab47dbe5cc8210f55aa58e4805fe224dac469cde56b9f731a4c098b91917159a",
                "sha256:afedb719a9dcfc7eaf2287b839d8198e06dcd4cb5d276a3df279231138e83d30",
                "sha256:b3ce300f3644fb06443ee2222c2201dd3a89ea6040541412b8fa189341847218",
                "sha256:b97fe8060236edf3662adfc2c633f56a08ae30560c56310562cb4f95500022d5",
                "sha256:bfe25acf8b437eb2a8b2d49d443800a5f18508cd811fea3181723922a8a82b07",
                "sha256:cd25bcecc4974d09257ffcd1f098ee778f7834c3ad767fe5db785be9a4aa9cb2",
                "sha256:d209d8969599b27ad20994c8e41936ee0964e6da07478d6c35016bc386b66ad4",
                "sha256:d5241e0a80d808d70546c697135da2c613f30e28251ff8307eb72ba696945764",
                "sha256:edd8b5fe47dab091176d21bb6de568acdd906d1887a4584a15a9a96a1dca06ef",
                "sha256:f870204a840a60da0b12273ef34f7051e98c3b5961b61b0c2c1be6dfd64fbcd3",
                "sha256:ffa75af20b44f8dba823498024771d5ac50620e6915abac414251bd971b4529f"
            ],
            "markers": "python_version >= '3.12'",
            "version": "==1.26.4"
        },
        "openpyxl": {
            "hashes": [
                "sha256:5282c12b107bffeef825f4617dc029afaf41d0ea60823bbb665ef3079dc79de2",
                "sha256:cf0e3cf56142039133628b5acffe8ef0c12bc902d2aadd3e0fe5878dc08d1050"
            ],
            "index": "pypi",
            "markers": "python_version >= '3.8'",
            "version": "==3.1.5"
        },
        "pandas": {
            "hashes": [
                "sha256:0296a66200dee556850d99b24c54c7dfa53a3264b1ca6f440e42bad424caea03",
                "sha256:04d4c58e1f112a74689da707be31cf689db086949c71828ef5da86727cfe3f82",
                "sha256:08637041279b8981a062899da0ef47828df52a1838204d2b3761fbd3e9fcb549",
                "sha256:11a771450f36cebf2a4c9dbd3a19dfa8c46c4b905a3ea09dc8e556626060fe71",
                "sha256:1329dbe93a880a3d7893149979caa82d6ba64a25e471682637f846d9dbc10dd2",
                "sha256:1f539e113739a3e0cc15176bf1231a553db0239bfa47a2c870283fd93ba4f683",
                "sha256:22929f84bca106921917eb73c1521317ddd0a4c71b395bcf767a106e3494209f",
                "sha256:321ecdb117bf0f16c339cc6d5c9a06063854f12d4d9bc422a84bb2ed3207380a",
                "sha256:35172bff95f598cc5866c047f43c7f4df2c893acd8e10e6653a4b792ed7f19bb",
                "sha256:3cc4469ff0cf9aa3a005870cb49ab8969942b7156e0a46cc3f5abd6b11051dfb",
                "sha256:4441ac94a2a2613e3982e502ccec3bdedefe871e8cea54b8775992485c5660ef",
                "sha256:465571472267a2d6e00657900afadbe6097c8e1dc43746917db4dfc862e8863e",
                "sha256:59dfe0e65a2f3988e940224e2a70932edc964df79f3356e5f2997c7d63e758b4",
                "sha256:72c84ec1b1d8e5efcbff5312abe92bfb9d5b558f11e0cf077f5496c4f4a3c99e",
                "sha256:7cf4cf26042476e39394f1f86868d25b265ff787c9b2f0d367280f11afbdee6d",
                "sha256:7fa2ad4ff196768ae63a33f8062e6838efed3a319cf938fdf8b95e956c813042",
                "sha256:a5d53c725832e5f1645e7674989f4c106e4b7249c1d57549023ed5462d73b140",
                "sha256:acf08a73b5022b479c1be155d4988b72f3020f308f7a87c527702c5f8966d34f",
                "sha256:b99c4e51ef2ed98f69099c72c75ec904dd610eb41a32847c4fcbc1a975f2d2b8",
                "sha256:d5ded6ff28abbf0ea7689f251754d3789e1edb0c4d0d91028f0b980598418a58",
                "sha256:de21e12bf1511190fc1e9ebc067f14ca09fccfb189a813b38d63211d54832f5f",
                "sha256:f7ea8ae8004de0381a2376662c0505bb0a4f679f4c61fbfd122aa3d1b0e5f09d",
                "sha256:fc77309da3b55732059e484a1efc0897f6149183c522390772d3561f9bf96c00",
                "sha256:fca5680368a5139d4920ae3dc993eb5106d49f814ff24018b64d8850a52c6ed2",
                "sha256:fcd76d67ca2d48f56e2db45833cf9d58f548f97f61eecd3fdc74268417632b8a"
            ],
            "index": "pypi",
            "markers": "python_version >= '3.9'",
            "version": "==2.1.3"
        },
        "pydantic": {
            "hashes": [
                "sha256:69bd6fb62d2d04b7055f59a396993486a2ee586c43a0b89231ce0000de07627c",
                "sha256:7ce6e766c456ad026fe5712f7bcf036efc34bd5d107b3e669ef7ea01b3a9050c"
            ],
            "index": "pypi",
            "markers": "python_version >= '3.7'",
            "version": "==2.5.0"
        },
        "pydantic-core": {
            "hashes": [
                "sha256:023b6d7ec4e97890b28eb2ee24413e69a6d48de4e8b75123957edd5432f4eeb3",
                "sha256:052d8731aaf844f91fe4cd3faf28983b109a5865b3a256ec550b80a5689ead87",
                "sha256:0a8c8daf4e3aa3aeb98e3638fc3d58a359738f3d12590b2474c6bb64031a0764",
                "sha256:0d82a6ee815388a362885186e431fac84c7a06623bc136f508e9f88261d8cadb",
                "sha256:101df420e954966868b8bc992aefed5fa71dd1f2755104da62ee247abab28e2f",
                "sha256:102ac85a775e77821943ae38da9634ddd774b37a8d407181b4f7b05cdfb36b55",
                "sha256:1185548665bc61bbab0dc78f10c8eafa0db0aa1e920fe9a451b77782b10a65cc",
                "sha256:12163197fec7c95751a3c71b36dcc1909eed9959f011ffc79cc8170a6a74c826",
                "sha256:130e49aa0cb316f743bc7792c36aefa39fc2221312f1d4b333b19edbdd71f2b1",
                "sha256:132b40e479cb5cebbbb681f77aaceabbc8355df16c9124cff1d4060ada83cde2",
                "sha256:144f2c1d5579108b6ed1193fcc9926124bd4142b0f7020a7744980d1235c8a40",
                "sha256:16f4a7e1ec6b3ea98a1e108a2739710cd659d68b33fbbeaba066202cab69c7b6",
                "sha256:184ff7b30c3f60e1b775378c060099285fd4b5249271046c9005f8b247b39377",
                "sha256:1bfb63821ada76719ffcd703fc40dd57962e0d8c253e3c565252e6de6d3e0bc6",
                "sha256:1e7208946ea9b27a8cef13822c339d4ae96e45952cc01fc4a91c7f1cb0ae2861",
                "sha256:217dcbfaf429a9b8f1d54eb380908b9c778e78f31378283b30ba463c21e89d5d",
                "sha256:2459cc06572730e079ec1e694e8f68c99d977b40d98748ae72ff11ef21a56b0b",
                "sha256:24ba48f9d0b8d64fc5e42e1600366c3d7db701201294989aebdaca23110c02ab",
                "sha256:26242e3593d4929123615bd9365dd86ef79b7b0592d64a96cd11fd83c69c9f34",
                "sha256:2871daf5b2823bf77bf7d3d43825e5d904030c155affdf84b21a00a2e00821d2",
                "sha256:28734bcfb8fc5b03293dec5eb5ea73b32ff767f6ef79a31f6e41dad2f5470270",
                "sha256:2a7d08b39fac97540fba785fce3b21ee01a81f081a07a4d031efd791da6666f9",
                "sha256:2be018a84995b6be1bbd40d6064395dbf71592a981169cf154c0885637f5f54a",
                "sha256:3303113fdfaca927ef11e0c5f109e2ec196c404f9d7ba5f8ddb63cdf287ea159",
                "sha256:36c3bf96f803e207a80dbcb633d82b98ff02a9faa76dd446e969424dec8e2b9f",
                "sha256:3d5b2a4b3c10cad0615670cab99059441ff42e92cf793a0336f4bc611e895204",
                "sha256:3f48d4afd973abbd65266ac24b24de1591116880efc7729caf6b6b94a9654c9e",
                "sha256:42d5d0e9bbb50481a049bd0203224b339d4db04006b78564df2b782e2fd16ebc",
                "sha256:443dc5eede7fa76b2370213e0abe881eb17c96f7d694501853c11d5d56916602",
                "sha256:49ee28d65f506b2858a60745cc974ed005298ebab12693646b97641dd7c99c35",
                "sha256:4f0788699a92d604f348e9c1ac5e97e304e97127ba8325c7d0af88dcc7d35bd3",
                "sha256:51506e7652a2ef1d1cf763c4b51b972ff4568d1dddc96ca83931a6941f5e6389",
                "sha256:53efe03cc383a83660cfdda6a3cb40ee31372cedea0fde0b2a2e55e838873ab6",
                "sha256:55713d155da1e508083c4b08d0b1ad2c3054f68b8ef7eb3d3864822e456f0bb5",
                "sha256:581bb606a31749a00796f5257947a0968182d7fe91e1dada41f06aeb6bfbc91a",
                "sha256:5879ac4791508d8f0eb7dec71ff8521855180688dac0c55f8c99fc4d1a939845",
                "sha256:587d75aec9ae50d0d63788cec38bf13c5128b3fc1411aa4b9398ebac884ab179",
                "sha256:59fa83873223f856d898452c6162a390af4297756f6ba38493a67533387d85d9",
                "sha256:5a1570875eb0d1479fb2270ed80c88c231aaaf68b0c3f114f35e7fb610435e4f",
                "sha256:5b45b7be9f99991405ecd6f6172fb6798908a8097106ae78d5cc5cc15121bad9",
                "sha256:6015beb28deb5306049ecf2519a59627e9e050892927850a884df6d5672f8c7d",
                "sha256:6590ed9d13eb51b28ea17ddcc6c8dbd6050b4eb589d497105f0e13339f223b72",
                "sha256:66dc0e63349ec39c1ea66622aa5c2c1f84382112afd3ab2fa0cca4fb01f7db39",
                "sha256:679cc4e184f213c8227862e57340d12fd4d4d19dc0e3ddb0f653f86f01e90f94",
                "sha256:69cd74e55a5326d920e7b46daa2d81c2bdb8bcf588eafb2330d981297b742ddc",
                "sha256:69df82892ff00491d673b1929538efb8c8d68f534fdc6cb7fd3ac8a5852b9034",
                "sha256:72c2ef3787c3b577e5d6225d73a77167b942d12cef3c1fbd5e74e55b7f881c36",
                "sha256:744b807fe2733b6da3b53e8ad93e8b3ea3ee3dfc3abece4dd2824cc1f39aa343",
                "sha256:7977e261cac5f99873dc2c6f044315d09b19a71c4246560e1e67593889a90978",
                "sha256:798590d38c9381f07c48d13af1f1ef337cebf76ee452fcec5deb04aceced51c7",
                "sha256:812beca1dcb2b722cccc7e9c620bd972cbc323321194ec2725eab3222e6ac573",
                "sha256:8276bbab68a9dbe721da92d19cbc061f76655248fe24fb63969d0c3e0e5755e7",
                "sha256:85bb66d661be51b2cba9ca06759264b3469d2dbb53c3e6effb3f05fec6322be6",
                "sha256:871c641a83719caaa856a11dcc61c5e5b35b0db888e1a0d338fe67ce744575e2",
                "sha256:893bf4fb9bfb9c4639bc12f3de323325ada4c6d60e478d5cded65453e9364890",
                "sha256:8d927d042c0ef04607ee7822828b208ab045867d20477ec6593d612156798547",
                "sha256:8e17f0c3ba4cb07faa0038a59ce162de584ed48ba645c8d05a5de1e40d4c21e7",
                "sha256:9486e27bb3f137f33e2315be2baa0b0b983dae9e2f5f5395240178ad8e644728",
                "sha256:94cf6d0274eb899d39189144dcf52814c67f9b0fd196f211420d9aac793df2da",
                "sha256:97246f896b4df7fd84caa8a75a67abb95f94bc0b547665bf0889e3262b060399",
                "sha256:9d59e0d7cdfe8ed1d4fcd28aad09625c715dc18976c7067e37d8a11b06f4be3e",
                "sha256:a15f6e5588f7afb7f6fc4b0f4ff064749e515d34f34c666ed6e37933873d8ad8",
                "sha256:a2ccdc53cb88e51c7d47d74c59630d7be844428f6b8d463055ffad6f0392d8da",
                "sha256:a68a36d71c7f638dda6c9e6b67f6aabf3fa1471b198d246457bfdc7c777cdeb7",
                "sha256:a7991f25b98038252363a03e6a9fe92e60fe390fda2631d238dc3b0e396632f8",
                "sha256:aadf74a40a7ae49c3c1aa7d32334fe94f4f968e21dd948e301bb4ed431fb2412",
                "sha256:abae6fd5504e5e438e4f6f739f8364fd9ff5a5cdca897e68363e2318af90bc28",
                "sha256:ac417312bf6b7a0223ba73fb12e26b2854c93bf5b1911f7afef6d24c379b22aa",
                "sha256:ad9ea86f5fc50f1b62c31184767fe0cacaa13b54fe57d38898c3776d30602411",
                "sha256:b4ff385a525017f5adf6066d7f9fb309f99ade725dcf17ed623dc7dce1f85d9f",
                "sha256:b89821a2c77cc1b8f2c1fc3aacd6a3ecc5df8f7e518dc3f18aef8c4dcf66003d",
                "sha256:b8ff0302518dcd001bd722bbe342919c29e5066c7eda86828fe08cdc112668b8",
                "sha256:b91b5ec423e88caa16777094c4b2b97f11453283e7a837e5e5e1b886abba1251",
                "sha256:ba55d73a2df4771b211d0bcdea8b79454980a81ed34a1d77a19ddcc81f98c895",
                "sha256:bb1c6ecb53e4b907ee8486f453dd940b8cbb509946e2b671e3bf807d310a96fc",
                "sha256:bc6a4ea9f88a810cb65ccae14404da846e2a02dd5c0ad21dee712ff69d142638",
                "sha256:c36987f5eb2a7856b5f5feacc3be206b4d1852a6ce799f6799dd9ffb0cba56ae",
                "sha256:c6e98227eb02623d57e1fd061788837834b68bb995a869565211b9abf3de4bf4",
                "sha256:c7411cd06afeb263182e38c6ca5b4f5fe4f20d91466ad7db0cd6af453a02edec",
                "sha256:c8c466facec2ccdf025b0b1455b18f2c3d574d5f64d24df905d3d7b8f05d5f4e",
                "sha256:c964c0cc443d6c08a2347c0e5c1fc2d85a272dc66c1a6f3cde4fc4843882ada4",
                "sha256:ca942a2dc066ca5e04c27feaa8dfb9d353ddad14c6641660c565149186095343",
                "sha256:cb2fd3ab67558eb16aecfb4f2db4febb4d37dc74e6b8613dc2e7160fb58158a9",
                "sha256:d312ad20e3c6d179cb97c42232b53111bcd8dcdd5c1136083db9d6bdd489bc73",
                "sha256:d965bdb50725a805b083f5f58d05669a85705f50a6a864e31b545c589290ee31",
                "sha256:d983222223f63e323a5f497f5b85e211557a5d8fb670dc88f343784502b466ba",
                "sha256:dee4682bd7947afc682d342a8d65ad1834583132383f8e801601a8698cb8d17a",
                "sha256:e2be646a5155d408e68b560c0553e8a83dc7b9f90ec6e5a2fc3ff216719385db",
                "sha256:e2c689439f262c29cf3fcd5364da1e64d8600facecf9eabea8643b8755d2f0de",
                "sha256:e5a111f9158555582deadd202a60bd7803b6c68f406391b7cf6905adf0af6811",
                "sha256:e905014815687d88cbb14bbc0496420526cf20d49f20606537d87646b70f1046",
                "sha256:ebc79120e105e4bcd7865f369e3b9dbabb0d492d221e1a7f62a3e8e292550278",
                "sha256:f1a30eef060e21af22c7d23349f1028de0611f522941c80efa51c05a63142c62",
                "sha256:f483467c046f549572f8aca3b7128829e09ae3a9fe933ea421f7cb7c58120edb",
                "sha256:f523e116879bc6714e61d447ce934676473b068069dce6563ea040381dc7a257",
                "sha256:f53a3ccdc30234cb4342cec541e3e6ed87799c7ca552f0b5f44e3967a5fed526",
                "sha256:fb290491f1f0786a7da4585250f1feee200fc17ff64855bdd7c42fb54526fa29",
                "sha256:fc3227408808ba7df8e95eb1d8389f4ba2203bed8240b308de1d7ae66d828f24",
                "sha256:fd80a2d383940eec3db6a5b59d1820f947317acc5c75482ff8d79bf700f8ad6a",
                "sha256:fd937733bf2fe7d6a8bf208c12741f1f730b7bf5636033877767a75093c29b8a",
                "sha256:ffba979801e3931a19cd30ed2049450820effe8f152aaa317e2fd93795d318d7"
            ],
            "markers": "python_version >= '3.7'",
            "version": "==2.14.1"
        },
        "pysocks": {
            "hashes": [
                "sha256:08e69f092cc6dbe92a0fdd16eeb9b9ffbc13cadfe5ca4c7bd92ffb078b293299",
                "sha256:2725bd0a9925919b9b51739eea5f9e2bae91e83288108a9ad338b2e3a4435ee5",
                "sha256:3f8804571ebe159c380ac6de37643bb4685970655d3bba243530d6558b799aa0"
            ],
            "markers": "python_version >= '2.7' and python_version not in '3.0, 3.1, 3.2, 3.3'",
            "version": "==1.7.1"
        },
        "python-dateutil": {
            "hashes": [
                "sha256:37dd54208da7e1cd875388217d5e00ebd4179249f90fb72437e91a35459a0ad3",
                "sha256:a8b2bc7bffae282281c8140a97d3aa9c14da0b136dfe83f850eea9a5f7470427"
            ],
            "markers": "python_version >= '2.7' and python_version not in '3.0, 3.1, 3.2'",
            "version": "==2.9.0.post0"
        },
        "python-dotenv": {
            "hashes": [
                "sha256:a8df96034aae6d2d50a4ebe8216326c61c3eb64836776504fcca410e5937a3ba",
                "sha256:f5971a9226b701070a4bf2c38c89e5a3f0d64de8debda981d1db98583009122a"
            ],
            "index": "pypi",
            "markers": "python_version >= '3.8'",
            "version": "==1.0.0"
        },
        "python-multipart": {
            "hashes": [
                "sha256:e9925a80bb668529f1b67c7fdb0a5dacdd7cbfc6fb0bff3ea443fe22bdd62132",
                "sha256:ee698bab5ef148b0a760751c261902cd096e57e10558e11aca17646b74ee1c18"
            ],
            "index": "pypi",
            "markers": "python_version >= '3.7'",
            "version": "==0.0.6"
        },
        "pytz": {
            "hashes": [
                "sha256:3378dde6a0c3d26719182142c56e60c7f9af7e968076f31aae569d72a0358ee1",
                "sha256:f2fd16142fda348286a75e1a524be810bb05d444e5a081f37f7affc635035f7a"
            ],
            "version": "==2026.1.post1"
        },
        "requests": {
            "hashes": [
                "sha256:2462f94637a34fd532264295e186976db0f5d453d1cdd31473c85a6a161affb6",
                "sha256:dbba0bac56e100853db0ea71b82b4dfd5fe2bf6d3754a8893c3af500cec7d7cf"
            ],
            "markers": "python_version >= '3.9'",
            "version": "==2.32.5"
        },
        "requests-file": {
            "hashes": [
                "sha256:d0f5eb94353986d998f80ac63c7f146a307728be051d4d1cd390dbdb59c10fa2",
                "sha256:f14243d7796c588f3521bd423c5dea2ee4cc730e54a3cac9574d78aca1272576"
            ],
            "version": "==3.0.1"
        },
        "six": {
            "hashes": [
                "sha256:4721f391ed90541fddacab5acf947aa0d3dc7d27b2e1e8eda2be8970586c3274",
                "sha256:ff70335d468e7eb6ec65b95b99d3a2836546063f63acc5171de367e834932a81"
            ],
            "markers": "python_version >= '2.7' and python_version not in '3.0, 3.1, 3.2'",
            "version": "==1.17.0"
        },
        "sniffio": {
            "hashes": [
                "sha256:2f6da418d1f1e0fddd844478f41680e794e6051915791a034ff65e5f100525a2",
                "sha256:f4324edc670a0f49750a81b895f35c3adb843cca46f0530f79fc1babb23789dc"
            ],
            "markers": "python_version >= '3.7'",
            "version": "==1.3.1"
        },
        "starlette": {
            "hashes": [
                "sha256:6a6b0d042acb8d469a01eba54e9cda6cbd24ac602c4cd016723117d6a7e73b75",
                "sha256:918416370e846586541235ccd38a474c08b80443ed31c578a418e2209b3eef91"
            ],
            "markers": "python_version >= '3.7'",
            "version": "==0.27.0"
        },
        "tldextract": {
            "hashes": [
                "sha256:6bfe36d518de569c572062b788e16a659ccaceffc486d243af0484e8ecf432d9",
                "sha256:a72756ca170b2510315076383ea2993478f7da6f897eef1f4a5400735d5057fb"
            ],
            "markers": "python_version >= '3.10'",
            "version": "==5.3.1"
        },
        "typing-extensions": {
            "hashes": [
                "sha256:0cea48d173cc12fa28ecabc3b837ea3cf6f38c6d1136f85cbaaf598984861466",
                "sha256:f0fa19c6845758ab08074a0cfa8b7aecb71c999ca73d62883bc25cc018c4e548"
            ],
            "markers": "python_version >= '3.9'",
            "version": "==4.15.0"
        },
        "tzdata": {
            "hashes": [
                "sha256:06a47e5700f3081aab02b2e513160914ff0694bce9947d6b76ebd6bf57cfc5d1",
                "sha256:de39c2ca5dc7b0344f2eba86f49d614019d29f060fc4ebc8a417896a620b56a7"
            ],
            "markers": "python_version >= '2'",
            "version": "==2025.3"
        },
        "urllib3": {
            "hashes": [
                "sha256:1b62b6884944a57dbe321509ab94fd4d3b307075e0c2eae991ac71ee15ad38ed",
                "sha256:bf272323e553dfb2e87d9bfd225ca7b0f467b919d7bbd355436d3fd37cb0acd4"
            ],
            "markers": "python_version >= '3.9'",
            "version": "==2.6.3"
        },
        "uvicorn": {
            "hashes": [
                "sha256:368d5d81520a51be96431845169c225d771c9dd22a58613e1a181e6c4512ac33",
                "sha256:3d19f13dfd2c2af1bfe34dd0f7155118ce689425fdf931177abe832ca44b8a04"
            ],
            "index": "pypi",
            "markers": "python_version >= '3.8'",
            "version": "==0.24.0"
        },
        "zope.event": {
            "hashes": [
                "sha256:0ca78b6391b694272b23ec1335c0294cc471065ed10f7f606858fc54566c25a0",
                "sha256:6052a3e0cb8565d3d4ef1a3a7809336ac519bc4fe38398cb8d466db09adef4f0"
            ],
            "markers": "python_version >= '3.10'",
            "version": "==6.1"
        },
        "zope.interface": {
            "hashes": [
                "sha256:0009d2d3c02ea783045d7804da4fd016245e5c5de31a86cebba66dd6914d59a2",
                "sha256:05a0e42d6d830f547e114de2e7cd15750dc6c0c78f8138e6c5035e51ddfff37c",
                "sha256:0723507127f8269b8f3f22663168f717e9c9742107d1b6c9f419df561b71aa6d",
                "sha256:16c69da19a06566664ddd4785f37cad5693a51d48df1515d264c20d005d322e2",
                "sha256:2499de92e8275d0dd68f84425b3e19e9268cd1fa8507997900fa4175f157733c",
                "sha256:2bf9cf275468bafa3c72688aad8cfcbe3d28ee792baf0b228a1b2d93bd1d541a",
                "sha256:34f877d1d3bb7565c494ed93828fa6417641ca26faf6e8f044e0d0d500807028",
                "sha256:3bf73a910bb27344def2d301a03329c559a79b308e1e584686b74171d736be4e",
                "sha256:46c7e4e8cbc698398a67e56ca985d19cb92365b4aafbeb6a712e8c101090f4cb",
                "sha256:532367553e4420c80c0fc0cabcc2c74080d495573706f66723edee6eae53361d",
                "sha256:561ce42390bee90bae51cf1c012902a8033b2aaefbd0deed81e877562a116d48",
                "sha256:6068322004a0158c80dfd4708dfb103a899635408c67c3b10e9acec4dbacefec",
                "sha256:624b6787fc7c3e45fa401984f6add2c736b70a7506518c3b537ffaacc4b29d4c",
                "sha256:6f4b4dfcfdfaa9177a600bb31cebf711fdb8c8e9ed84f14c61c420c6aa398489",
                "sha256:788c293f3165964ec6527b2d861072c68eef53425213f36d3893ebee89a89623",
                "sha256:845d14e580220ae4544bd4d7eb800f0b6034fe5585fc2536806e0a26c2ee6640",
                "sha256:8f094bfb49179ec5dc9981cb769af1275702bd64720ef94874d9e34da1390d4c",
                "sha256:9a4e785097e741a1c953b3970ce28f2823bd63c00adc5d276f2981dd66c96c15",
                "sha256:9b05a919fdb0ed6ea942e5a7800e09a8b6cdae6f98fee1bef1c9d1a3fc43aaa0",
                "sha256:a1ef4b43659e1348f35f38e7d1a6bbc1682efde239761f335ffc7e31e798b65b",
                "sha256:a87fc7517f825a97ff4a4ca4c8a950593c59e0f8e7bfe1b6f898a38d5ba9f9cf",
                "sha256:aae807efc7bd26302eb2fea05cd6de7d59269ed6ae23a6de1ee47add6de99b8c",
                "sha256:afb20c371a601d261b4f6edb53c3c418c249db1a9717b0baafc9a9bb39ba1224",
                "sha256:bc9ded9e97a0ed17731d479596ed1071e53b18e6fdb2fc33af1e43f5fd2d3aaa",
                "sha256:c31acfa3d7cde48bec45701b0e1f4698daffc378f559bfb296837d8c834732f6",
                "sha256:c65ade7ea85516e428651048489f5e689e695c79188761de8c622594d1e13322",
                "sha256:ccc62b5712dd7bd64cfba3ee63089fb11e840f5914b990033beeae3b2180b6cb",
                "sha256:ccf52f7d44d669203c2096c1a0c2c15d52e36b2e7a9413df50f48392c7d4d080",
                "sha256:d2bb8e7364e18f083bf6744ccf30433b2a5f236c39c95df8514e3c13007098ce",
                "sha256:dfc4f44e8de2ff4eba20af4f0a3ca42d3c43ab24a08e49ccd8558b7a4185b466",
                "sha256:f777e68c76208503609c83ca021a6864902b646530a1a39abb9ed310d1100664"
            ],
            "markers": "python_version >= '3.10'",
            "version": "==8.2"
        }
    },
    "develop": {}
}
